
Microsoft Visual Studio Solution File, Format Version 12.00
# Visual Studio Version 16
VisualStudioVersion = 16.0.31005.135
MinimumVisualStudioVersion = 10.0.40219.1
Project("{FAE04EC0-301F-11D3-BF4B-00C04F79EFBC}") = "Ferryman", "Ferryman\Ferryman.csproj", "{B0158D7D-FDD2-489A-B6B4-B5AF5521BECE}"
EndProject
Global
	GlobalSection(SolutionConfigurationPlatforms) = preSolution
		Debug|Any CPU = Debug|Any CPU
		Release|Any CPU = Release|Any CPU
	EndGlobalSection
	GlobalSection(ProjectConfigurationPlatforms) = postSolution
		{B0158D7D-FDD2-489A-B6B4-B5AF5521BECE}.Debug|Any CPU.ActiveCfg = Debug|Any CPU
		{B0158D7D-FDD2-489A-B6B4-B5AF5521BECE}.Debug|Any CPU.Build.0 = Debug|Any CPU
		{B0158D7D-FDD2-489A-B6B4-B5AF5521BECE}.Release|Any CPU.ActiveCfg = Release|Any CPU
		{B0158D7D-FDD2-489A-B6B4-B5AF5521BECE}.Release|Any CPU.Build.0 = Release|Any CPU
	EndGlobalSection
	GlobalSection(SolutionProperties) = preSolution
		HideSolutionNode = FALSE
	EndGlobalSection
	GlobalSection(ExtensibilityGlobals) = postSolution
		SolutionGuid = {8475FAB6-64ED-4B30-8E12-6DD83369C3D2}
	EndGlobalSection
EndGlobal
